
Microsoft Visual Studio Solution File, Format Version 12.00
# Visual Studio Version 17
VisualStudioVersion = 17.4.32912.340
MinimumVisualStudioVersion = 10.0.40219.1
Project("{FAE04EC0-301F-11D3-BF4B-00C04F79EFBC}") = "PostgreSQL.Demo.API", "PostgreSQL.Demo.API.csproj", "{B95F25B3-BD23-4002-815A-2B497CDE55B2}"
EndProject
Global
	GlobalSection(SolutionConfigurationPlatforms) = preSolution
		Debug|Any CPU = Debug|Any CPU
		Release|Any CPU = Release|Any CPU
	EndGlobalSection
	GlobalSection(ProjectConfigurationPlatforms) = postSolution
		{B95F25B3-BD23-4002-815A-2B497CDE55B2}.Debug|Any CPU.ActiveCfg = Debug|Any CPU
		{B95F25B3-BD23-4002-815A-2B497CDE55B2}.Debug|Any CPU.Build.0 = Debug|Any CPU
		{B95F25B3-BD23-4002-815A-2B497CDE55B2}.Release|Any CPU.ActiveCfg = Release|Any CPU
		{B95F25B3-BD23-4002-815A-2B497CDE55B2}.Release|Any CPU.Build.0 = Release|Any CPU
	EndGlobalSection
	GlobalSection(SolutionProperties) = preSolution
		HideSolutionNode = FALSE
	EndGlobalSection
	GlobalSection(ExtensibilityGlobals) = postSolution
		SolutionGuid = {ECA9A849-C1FB-4A00-A07A-68D08CDB9CFF}
	EndGlobalSection
EndGlobal
